{
  "object": {
    "pins": [
      {
        "package": "Base",
        "repositoryURL": "https://github.com/bretsko/Base",
        "state": {
          "branch": null,
          "revision": "235106946fa808e6cc2ff464b959d6a8fce4b2ae",
          "version": "1.0.0"
        }
      },
      {
        "package": "XcodeExtBase",
        "repositoryURL": "git@github.com:bretsko/XcodeExtBase.git",
        "state": {
          "branch": null,
          "revision": "a69fdfe2d51115243463a8ddff35a41250bb7b6a",
          "version": "1.0.0"
        }
      }
    ]
  },
  "version": 1
}
